
Microsoft Visual Studio Solution File, Format Version 12.00
Project("{FAE04EC0-301F-11D3-BF4B-00C04F79EFBC}") = "Pawerflow.AppHost", "Pawerflow.AppHost\Pawerflow.AppHost.csproj", "{3C670850-99AA-4D51-AFC0-C1CB233E926C}"
EndProject
Project("{FAE04EC0-301F-11D3-BF4B-00C04F79EFBC}") = "Pawerflow.ServiceDefaults", "Pawerflow.ServiceDefaults\Pawerflow.ServiceDefaults.csproj", "{C8456AFB-5856-460C-8200-882EE56299EF}"
EndProject
Project("{2150E333-8FDC-42A3-9474-1A3956D46DE8}") = "services", "services", "{DA14F44A-2762-4C31-944C-B8FE5C4D2C5A}"
EndProject
Project("{FAE04EC0-301F-11D3-BF4B-00C04F79EFBC}") = "QuestionService", "QuestionService\QuestionService.csproj", "{0328835A-0F0E-487D-AB06-6C3590E6E8E8}"
EndProject
Project("{FAE04EC0-301F-11D3-BF4B-00C04F79EFBC}") = "SearchService", "SearchService\SearchService.csproj", "{CF7D6203-99D7-4B46-A3D0-3A543CCDA6E9}"
EndProject
Project("{2150E333-8FDC-42A3-9474-1A3956D46DE8}") = "Common", "Common", "{881589EE-639B-0A35-DBCE-5D94E4FC90C0}"
EndProject
Project("{FAE04EC0-301F-11D3-BF4B-00C04F79EFBC}") = "Contracts", "Common\Contracts\Contracts.csproj", "{CA6F0C59-6FEF-4194-899F-E52DC2B66AFF}"
EndProject
Global
	GlobalSection(SolutionConfigurationPlatforms) = preSolution
		Debug|Any CPU = Debug|Any CPU
		Debug|x64 = Debug|x64
		Debug|x86 = Debug|x86
		Release|Any CPU = Release|Any CPU
		Release|x64 = Release|x64
		Release|x86 = Release|x86
	EndGlobalSection
	GlobalSection(ProjectConfigurationPlatforms) = postSolution
		{3C670850-99AA-4D51-AFC0-C1CB233E926C}.Debug|Any CPU.ActiveCfg = Debug|Any CPU
		{3C670850-99AA-4D51-AFC0-C1CB233E926C}.Debug|Any CPU.Build.0 = Debug|Any CPU
		{3C670850-99AA-4D51-AFC0-C1CB233E926C}.Debug|x64.ActiveCfg = Debug|Any CPU
		{3C670850-99AA-4D51-AFC0-C1CB233E926C}.Debug|x64.Build.0 = Debug|Any CPU
		{3C670850-99AA-4D51-AFC0-C1CB233E926C}.Debug|x86.ActiveCfg = Debug|Any CPU
		{3C670850-99AA-4D51-AFC0-C1CB233E926C}.Debug|x86.Build.0 = Debug|Any CPU
		{3C670850-99AA-4D51-AFC0-C1CB233E926C}.Release|Any CPU.ActiveCfg = Release|Any CPU
		{3C670850-99AA-4D51-AFC0-C1CB233E926C}.Release|Any CPU.Build.0 = Release|Any CPU
		{3C670850-99AA-4D51-AFC0-C1CB233E926C}.Release|x64.ActiveCfg = Release|Any CPU
		{3C670850-99AA-4D51-AFC0-C1CB233E926C}.Release|x64.Build.0 = Release|Any CPU
		{3C670850-99AA-4D51-AFC0-C1CB233E926C}.Release|x86.ActiveCfg = Release|Any CPU
		{3C670850-99AA-4D51-AFC0-C1CB233E926C}.Release|x86.Build.0 = Release|Any CPU
		{C8456AFB-5856-460C-8200-882EE56299EF}.Debug|Any CPU.ActiveCfg = Debug|Any CPU
		{C8456AFB-5856-460C-8200-882EE56299EF}.Debug|Any CPU.Build.0 = Debug|Any CPU
		{C8456AFB-5856-460C-8200-882EE56299EF}.Debug|x64.ActiveCfg = Debug|Any CPU
		{C8456AFB-5856-460C-8200-882EE56299EF}.Debug|x64.Build.0 = Debug|Any CPU
		{C8456AFB-5856-460C-8200-882EE56299EF}.Debug|x86.ActiveCfg = Debug|Any CPU
		{C8456AFB-5856-460C-8200-882EE56299EF}.Debug|x86.Build.0 = Debug|Any CPU
		{C8456AFB-5856-460C-8200-882EE56299EF}.Release|Any CPU.ActiveCfg = Release|Any CPU
		{C8456AFB-5856-460C-8200-882EE56299EF}.Release|Any CPU.Build.0 = Release|Any CPU
		{C8456AFB-5856-460C-8200-882EE56299EF}.Release|x64.ActiveCfg = Release|Any CPU
		{C8456AFB-5856-460C-8200-882EE56299EF}.Release|x64.Build.0 = Release|Any CPU
		{C8456AFB-5856-460C-8200-882EE56299EF}.Release|x86.ActiveCfg = Release|Any CPU
		{C8456AFB-5856-460C-8200-882EE56299EF}.Release|x86.Build.0 = Release|Any CPU
		{0328835A-0F0E-487D-AB06-6C3590E6E8E8}.Debug|Any CPU.ActiveCfg = Debug|Any CPU
		{0328835A-0F0E-487D-AB06-6C3590E6E8E8}.Debug|Any CPU.Build.0 = Debug|Any CPU
		{0328835A-0F0E-487D-AB06-6C3590E6E8E8}.Debug|x64.ActiveCfg = Debug|Any CPU
		{0328835A-0F0E-487D-AB06-6C3590E6E8E8}.Debug|x64.Build.0 = Debug|Any CPU
		{0328835A-0F0E-487D-AB06-6C3590E6E8E8}.Debug|x86.ActiveCfg = Debug|Any CPU
		{0328835A-0F0E-487D-AB06-6C3590E6E8E8}.Debug|x86.Build.0 = Debug|Any CPU
		{0328835A-0F0E-487D-AB06-6C3590E6E8E8}.Release|Any CPU.ActiveCfg = Release|Any CPU
		{0328835A-0F0E-487D-AB06-6C3590E6E8E8}.Release|Any CPU.Build.0 = Release|Any CPU
		{0328835A-0F0E-487D-AB06-6C3590E6E8E8}.Release|x64.ActiveCfg = Release|Any CPU
		{0328835A-0F0E-487D-AB06-6C3590E6E8E8}.Release|x64.Build.0 = Release|Any CPU
		{0328835A-0F0E-487D-AB06-6C3590E6E8E8}.Release|x86.ActiveCfg = Release|Any CPU
		{0328835A-0F0E-487D-AB06-6C3590E6E8E8}.Release|x86.Build.0 = Release|Any CPU
		{CF7D6203-99D7-4B46-A3D0-3A543CCDA6E9}.Debug|Any CPU.ActiveCfg = Debug|Any CPU
		{CF7D6203-99D7-4B46-A3D0-3A543CCDA6E9}.Debug|Any CPU.Build.0 = Debug|Any CPU
		{CF7D6203-99D7-4B46-A3D0-3A543CCDA6E9}.Debug|x64.ActiveCfg = Debug|Any CPU
		{CF7D6203-99D7-4B46-A3D0-3A543CCDA6E9}.Debug|x64.Build.0 = Debug|Any CPU
		{CF7D6203-99D7-4B46-A3D0-3A543CCDA6E9}.Debug|x86.ActiveCfg = Debug|Any CPU
		{CF7D6203-99D7-4B46-A3D0-3A543CCDA6E9}.Debug|x86.Build.0 = Debug|Any CPU
		{CF7D6203-99D7-4B46-A3D0-3A543CCDA6E9}.Release|Any CPU.ActiveCfg = Release|Any CPU
		{CF7D6203-99D7-4B46-A3D0-3A543CCDA6E9}.Release|Any CPU.Build.0 = Release|Any CPU
		{CF7D6203-99D7-4B46-A3D0-3A543CCDA6E9}.Release|x64.ActiveCfg = Release|Any CPU
		{CF7D6203-99D7-4B46-A3D0-3A543CCDA6E9}.Release|x64.Build.0 = Release|Any CPU
		{CF7D6203-99D7-4B46-A3D0-3A543CCDA6E9}.Release|x86.ActiveCfg = Release|Any CPU
		{CF7D6203-99D7-4B46-A3D0-3A543CCDA6E9}.Release|x86.Build.0 = Release|Any CPU
		{CA6F0C59-6FEF-4194-899F-E52DC2B66AFF}.Debug|Any CPU.ActiveCfg = Debug|Any CPU
		{CA6F0C59-6FEF-4194-899F-E52DC2B66AFF}.Debug|Any CPU.Build.0 = Debug|Any CPU
		{CA6F0C59-6FEF-4194-899F-E52DC2B66AFF}.Debug|x64.ActiveCfg = Debug|Any CPU
		{CA6F0C59-6FEF-4194-899F-E52DC2B66AFF}.Debug|x64.Build.0 = Debug|Any CPU
		{CA6F0C59-6FEF-4194-899F-E52DC2B66AFF}.Debug|x86.ActiveCfg = Debug|Any CPU
		{CA6F0C59-6FEF-4194-899F-E52DC2B66AFF}.Debug|x86.Build.0 = Debug|Any CPU
		{CA6F0C59-6FEF-4194-899F-E52DC2B66AFF}.Release|Any CPU.ActiveCfg = Release|Any CPU
		{CA6F0C59-6FEF-4194-899F-E52DC2B66AFF}.Release|Any CPU.Build.0 = Release|Any CPU
		{CA6F0C59-6FEF-4194-899F-E52DC2B66AFF}.Release|x64.ActiveCfg = Release|Any CPU
		{CA6F0C59-6FEF-4194-899F-E52DC2B66AFF}.Release|x64.Build.0 = Release|Any CPU
		{CA6F0C59-6FEF-4194-899F-E52DC2B66AFF}.Release|x86.ActiveCfg = Release|Any CPU
		{CA6F0C59-6FEF-4194-899F-E52DC2B66AFF}.Release|x86.Build.0 = Release|Any CPU
	EndGlobalSection
	GlobalSection(SolutionProperties) = preSolution
		HideSolutionNode = FALSE
	EndGlobalSection
	GlobalSection(NestedProjects) = preSolution
		{0328835A-0F0E-487D-AB06-6C3590E6E8E8} = {DA14F44A-2762-4C31-944C-B8FE5C4D2C5A}
		{CF7D6203-99D7-4B46-A3D0-3A543CCDA6E9} = {DA14F44A-2762-4C31-944C-B8FE5C4D2C5A}
		{CA6F0C59-6FEF-4194-899F-E52DC2B66AFF} = {881589EE-639B-0A35-DBCE-5D94E4FC90C0}
	EndGlobalSection
EndGlobal
